
Microsoft Visual Studio Solution File, Format Version 12.00
# Visual Studio 15
Project("{FAE04EC0-301F-11D3-BF4B-00C04F79EFBC}") = "SpriteSequence", "SpriteSequence.csproj", "{ABB8EC5E-5E5D-060B-D6B0-2DBE0BE21F7D}"
EndProject
Global
	GlobalSection(SolutionConfigurationPlatforms) = preSolution
		Debug|Any CPU = Debug|Any CPU
		Release|Any CPU = Release|Any CPU
	EndGlobalSection
	GlobalSection(ProjectConfigurationPlatforms) = postSolution
		{ABB8EC5E-5E5D-060B-D6B0-2DBE0BE21F7D}.Debug|Any CPU.ActiveCfg = Debug|Any CPU
		{ABB8EC5E-5E5D-060B-D6B0-2DBE0BE21F7D}.Debug|Any CPU.Build.0 = Debug|Any CPU
		{ABB8EC5E-5E5D-060B-D6B0-2DBE0BE21F7D}.Release|Any CPU.ActiveCfg = Release|Any CPU
		{ABB8EC5E-5E5D-060B-D6B0-2DBE0BE21F7D}.Release|Any CPU.Build.0 = Release|Any CPU
	EndGlobalSection
	GlobalSection(SolutionProperties) = preSolution
		HideSolutionNode = FALSE
	EndGlobalSection
EndGlobal
